// !$*UTF8*$!
{
	archiveVersion = 1;
	classes = {
	};
	objectVersion = 51;
	objects = {

/* Begin PBXBuildFile section */
		04363565252D47109E247692 /* Pods_Shop.framework in Frameworks */ = {isa = PBXBuildFile; fileRef = 5C2B481B9B45F90283049BF1 /* Pods_Shop.framework */; };
		7346989125774ECF00B55191 /* ShopListModule.swift in Sources */ = {isa = PBXBuildFile; fileRef = 7346989025774ECF00B55191 /* ShopListModule.swift */; };
		73469895257757AA00B55191 /* Animator.swift in Sources */ = {isa = PBXBuildFile; fileRef = 73469894257757AA00B55191 /* Animator.swift */; };
		7346989B257757CA00B55191 /* Transition.swift in Sources */ = {isa = PBXBuildFile; fileRef = 7346989A257757CA00B55191 /* Transition.swift */; };
		7346989F257757E700B55191 /* Router.swift in Sources */ = {isa = PBXBuildFile; fileRef = 7346989E257757E700B55191 /* Router.swift */; };
		734698A3257758AE00B55191 /* PushTransition.swift in Sources */ = {isa = PBXBuildFile; fileRef = 734698A2257758AE00B55191 /* PushTransition.swift */; };
		734698A62577590A00B55191 /* WindowNavigationTransition.swift in Sources */ = {isa = PBXBuildFile; fileRef = 734698A52577590A00B55191 /* WindowNavigationTransition.swift */; };
		734698A92577597400B55191 /* AppRouter.swift in Sources */ = {isa = PBXBuildFile; fileRef = 734698A82577597400B55191 /* AppRouter.swift */; };
		734698AD257759D700B55191 /* ShopListRoute.swift in Sources */ = {isa = PBXBuildFile; fileRef = 734698AC257759D700B55191 /* ShopListRoute.swift */; };
		734698B025775BB700B55191 /* ShopDetailRoute.swift in Sources */ = {isa = PBXBuildFile; fileRef = 734698AF25775BB700B55191 /* ShopDetailRoute.swift */; };
		734A162E2574AD670003B555 /* AppDelegate.swift in Sources */ = {isa = PBXBuildFile; fileRef = 734A162D2574AD670003B555 /* AppDelegate.swift */; };
		734A16302574AD670003B555 /* SceneDelegate.swift in Sources */ = {isa = PBXBuildFile; fileRef = 734A162F2574AD670003B555 /* SceneDelegate.swift */; };
		734A16322574AD670003B555 /* ViewController.swift in Sources */ = {isa = PBXBuildFile; fileRef = 734A16312574AD670003B555 /* ViewController.swift */; };
		734A16352574AD670003B555 /* Main.storyboard in Resources */ = {isa = PBXBuildFile; fileRef = 734A16332574AD670003B555 /* Main.storyboard */; };
		734A16372574AD680003B555 /* Assets.xcassets in Resources */ = {isa = PBXBuildFile; fileRef = 734A16362574AD680003B555 /* Assets.xcassets */; };
		734A163A2574AD680003B555 /* LaunchScreen.storyboard in Resources */ = {isa = PBXBuildFile; fileRef = 734A16382574AD680003B555 /* LaunchScreen.storyboard */; };
		734A16522574C4DB0003B555 /* OperatingTimeViewController.swift in Sources */ = {isa = PBXBuildFile; fileRef = 734A16512574C4DB0003B555 /* OperatingTimeViewController.swift */; };
		734A16562574C4FE0003B555 /* OperatingTimeRouter.swift in Sources */ = {isa = PBXBuildFile; fileRef = 734A16552574C4FE0003B555 /* OperatingTimeRouter.swift */; };
		734A16592574C5180003B555 /* OperatingTimeViewModel.swift in Sources */ = {isa = PBXBuildFile; fileRef = 734A16582574C5180003B555 /* OperatingTimeViewModel.swift */; };
		734A165C2574C8200003B555 /* ShopDetailViewController.swift in Sources */ = {isa = PBXBuildFile; fileRef = 734A165B2574C8200003B555 /* ShopDetailViewController.swift */; };
		734A165F2574C85C0003B555 /* ShopListViewController.swift in Sources */ = {isa = PBXBuildFile; fileRef = 734A165E2574C85C0003B555 /* ShopListViewController.swift */; };
		734A16622574C8DD0003B555 /* ShopListRouter.swift in Sources */ = {isa = PBXBuildFile; fileRef = 734A16612574C8DD0003B555 /* ShopListRouter.swift */; };
		734A16652574C8EB0003B555 /* ShopListViewModel.swift in Sources */ = {isa = PBXBuildFile; fileRef = 734A16642574C8EB0003B555 /* ShopListViewModel.swift */; };
		734A16682574C8FB0003B555 /* ShopDetailRouter.swift in Sources */ = {isa = PBXBuildFile; fileRef = 734A16672574C8FB0003B555 /* ShopDetailRouter.swift */; };
		734A166B2574C9020003B555 /* ShopDetailViewModel.swift in Sources */ = {isa = PBXBuildFile; fileRef = 734A166A2574C9020003B555 /* ShopDetailViewModel.swift */; };
		734A16702574DE9D0003B555 /* Shop.swift in Sources */ = {isa = PBXBuildFile; fileRef = 734A166F2574DE9D0003B555 /* Shop.swift */; };
		734A16752574DF010003B555 /* ShopType.swift in Sources */ = {isa = PBXBuildFile; fileRef = 734A16742574DF010003B555 /* ShopType.swift */; };
		734A16792574E02E0003B555 /* OfficeHours.swift in Sources */ = {isa = PBXBuildFile; fileRef = 734A16782574E02E0003B555 /* OfficeHours.swift */; };
		735FE3F325760F5C00C6E984 /* UserDefaults.swift in Sources */ = {isa = PBXBuildFile; fileRef = 735FE3F225760F5C00C6E984 /* UserDefaults.swift */; };
		735FE3F725760F9600C6E984 /* ObjectSavable.swift in Sources */ = {isa = PBXBuildFile; fileRef = 735FE3F625760F9600C6E984 /* ObjectSavable.swift */; };
		735FE3FC2576192B00C6E984 /* AutoFillDB.swift in Sources */ = {isa = PBXBuildFile; fileRef = 735FE3FB2576192B00C6E984 /* AutoFillDB.swift */; };
		7370C6D72574E5E40008E85A /* DataSource.swift in Sources */ = {isa = PBXBuildFile; fileRef = 7370C6D62574E5E40008E85A /* DataSource.swift */; };
/* End PBXBuildFile section */

/* Begin PBXFileReference section */
		24E10DB1D84DE05E6707FF2F /* Pods-Shop.debug.xcconfig */ = {isa = PBXFileReference; includeInIndex = 1; lastKnownFileType = text.xcconfig; name = "Pods-Shop.debug.xcconfig"; path = "Target Support Files/Pods-Shop/Pods-Shop.debug.xcconfig"; sourceTree = "<group>"; };
		4F22F63DED7EF5E069A5C4DE /* Pods-Shop.release.xcconfig */ = {isa = PBXFileReference; includeInIndex = 1; lastKnownFileType = text.xcconfig; name = "Pods-Shop.release.xcconfig"; path = "Target Support Files/Pods-Shop/Pods-Shop.release.xcconfig"; sourceTree = "<group>"; };
		5C2B481B9B45F90283049BF1 /* Pods_Shop.framework */ = {isa = PBXFileReference; explicitFileType = wrapper.framework; includeInIndex = 0; path = Pods_Shop.framework; sourceTree = BUILT_PRODUCTS_DIR; };
		7346989025774ECF00B55191 /* ShopListModule.swift */ = {isa = PBXFileReference; lastKnownFileType = sourcecode.swift; path = ShopListModule.swift; sourceTree = "<group>"; };
		73469894257757AA00B55191 /* Animator.swift */ = {isa = PBXFileReference; lastKnownFileType = sourcecode.swift; path = Animator.swift; sourceTree = "<group>"; };
		7346989A257757CA00B55191 /* Transition.swift */ = {isa = PBXFileReference; lastKnownFileType = sourcecode.swift; path = Transition.swift; sourceTree = "<group>"; };
		7346989E257757E700B55191 /* Router.swift */ = {isa = PBXFileReference; lastKnownFileType = sourcecode.swift; path = Router.swift; sourceTree = "<group>"; };
		734698A2257758AE00B55191 /* PushTransition.swift */ = {isa = PBXFileReference; lastKnownFileType = sourcecode.swift; path = PushTransition.swift; sourceTree = "<group>"; };
		734698A52577590A00B55191 /* WindowNavigationTransition.swift */ = {isa = PBXFileReference; lastKnownFileType = sourcecode.swift; path = WindowNavigationTransition.swift; sourceTree = "<group>"; };
		734698A82577597400B55191 /* AppRouter.swift */ = {isa = PBXFileReference; lastKnownFileType = sourcecode.swift; path = AppRouter.swift; sourceTree = "<group>"; };
		734698AC257759D700B55191 /* ShopListRoute.swift */ = {isa = PBXFileReference; lastKnownFileType = sourcecode.swift; path = ShopListRoute.swift; sourceTree = "<group>"; };
		734698AF25775BB700B55191 /* ShopDetailRoute.swift */ = {isa = PBXFileReference; lastKnownFileType = sourcecode.swift; path = ShopDetailRoute.swift; sourceTree = "<group>"; };
		734A162A2574AD670003B555 /* Shop.app */ = {isa = PBXFileReference; explicitFileType = wrapper.application; includeInIndex = 0; path = Shop.app; sourceTree = BUILT_PRODUCTS_DIR; };
		734A162D2574AD670003B555 /* AppDelegate.swift */ = {isa = PBXFileReference; lastKnownFileType = sourcecode.swift; path = AppDelegate.swift; sourceTree = "<group>"; };
		734A162F2574AD670003B555 /* SceneDelegate.swift */ = {isa = PBXFileReference; lastKnownFileType = sourcecode.swift; path = SceneDelegate.swift; sourceTree = "<group>"; };
		734A16312574AD670003B555 /* ViewController.swift */ = {isa = PBXFileReference; lastKnownFileType = sourcecode.swift; path = ViewController.swift; sourceTree = "<group>"; };
		734A16342574AD670003B555 /* Base */ = {isa = PBXFileReference; lastKnownFileType = file.storyboard; name = Base; path = Base.lproj/Main.storyboard; sourceTree = "<group>"; };
		734A16362574AD680003B555 /* Assets.xcassets */ = {isa = PBXFileReference; lastKnownFileType = folder.assetcatalog; path = Assets.xcassets; sourceTree = "<group>"; };
		734A16392574AD680003B555 /* Base */ = {isa = PBXFileReference; lastKnownFileType = file.storyboard; name = Base; path = Base.lproj/LaunchScreen.storyboard; sourceTree = "<group>"; };
		734A163B2574AD680003B555 /* Info.plist */ = {isa = PBXFileReference; lastKnownFileType = text.plist.xml; path = Info.plist; sourceTree = "<group>"; };
		734A16512574C4DB0003B555 /* OperatingTimeViewController.swift */ = {isa = PBXFileReference; lastKnownFileType = sourcecode.swift; path = OperatingTimeViewController.swift; sourceTree = "<group>"; };
		734A16552574C4FE0003B555 /* OperatingTimeRouter.swift */ = {isa = PBXFileReference; lastKnownFileType = sourcecode.swift; path = OperatingTimeRouter.swift; sourceTree = "<group>"; };
		734A16582574C5180003B555 /* OperatingTimeViewModel.swift */ = {isa = PBXFileReference; lastKnownFileType = sourcecode.swift; path = OperatingTimeViewModel.swift; sourceTree = "<group>"; };
		734A165B2574C8200003B555 /* ShopDetailViewController.swift */ = {isa = PBXFileReference; lastKnownFileType = sourcecode.swift; path = ShopDetailViewController.swift; sourceTree = "<group>"; };
		734A165E2574C85C0003B555 /* ShopListViewController.swift */ = {isa = PBXFileReference; lastKnownFileType = sourcecode.swift; path = ShopListViewController.swift; sourceTree = "<group>"; };
		734A16612574C8DD0003B555 /* ShopListRouter.swift */ = {isa = PBXFileReference; lastKnownFileType = sourcecode.swift; path = ShopListRouter.swift; sourceTree = "<group>"; };
		734A16642574C8EB0003B555 /* ShopListViewModel.swift */ = {isa = PBXFileReference; lastKnownFileType = sourcecode.swift; path = ShopListViewModel.swift; sourceTree = "<group>"; };
		734A16672574C8FB0003B555 /* ShopDetailRouter.swift */ = {isa = PBXFileReference; lastKnownFileType = sourcecode.swift; path = ShopDetailRouter.swift; sourceTree = "<group>"; };
		734A166A2574C9020003B555 /* ShopDetailViewModel.swift */ = {isa = PBXFileReference; lastKnownFileType = sourcecode.swift; path = ShopDetailViewModel.swift; sourceTree = "<group>"; };
		734A166F2574DE9D0003B555 /* Shop.swift */ = {isa = PBXFileReference; lastKnownFileType = sourcecode.swift; path = Shop.swift; sourceTree = "<group>"; };
		734A16742574DF010003B555 /* ShopType.swift */ = {isa = PBXFileReference; lastKnownFileType = sourcecode.swift; path = ShopType.swift; sourceTree = "<group>"; };
		734A16782574E02E0003B555 /* OfficeHours.swift */ = {isa = PBXFileReference; lastKnownFileType = sourcecode.swift; path = OfficeHours.swift; sourceTree = "<group>"; };
		735FE3F225760F5C00C6E984 /* UserDefaults.swift */ = {isa = PBXFileReference; lastKnownFileType = sourcecode.swift; path = UserDefaults.swift; sourceTree = "<group>"; };
		735FE3F625760F9600C6E984 /* ObjectSavable.swift */ = {isa = PBXFileReference; lastKnownFileType = sourcecode.swift; path = ObjectSavable.swift; sourceTree = "<group>"; };
		735FE3FB2576192B00C6E984 /* AutoFillDB.swift */ = {isa = PBXFileReference; lastKnownFileType = sourcecode.swift; path = AutoFillDB.swift; sourceTree = "<group>"; };
		7370C6D62574E5E40008E85A /* DataSource.swift */ = {isa = PBXFileReference; lastKnownFileType = sourcecode.swift; path = DataSource.swift; sourceTree = "<group>"; };
/* End PBXFileReference section */

/* Begin PBXFrameworksBuildPhase section */
		734A16272574AD670003B555 /* Frameworks */ = {
			isa = PBXFrameworksBuildPhase;
			buildActionMask = 2147483647;
			files = (
				04363565252D47109E247692 /* Pods_Shop.framework in Frameworks */,
			);
			runOnlyForDeploymentPostprocessing = 0;
		};
/* End PBXFrameworksBuildPhase section */

/* Begin PBXGroup section */
		2F3BCD6223AC8204531B9F25 /* Frameworks */ = {
			isa = PBXGroup;
			children = (
				5C2B481B9B45F90283049BF1 /* Pods_Shop.framework */,
			);
			name = Frameworks;
			sourceTree = "<group>";
		};
		734698932577579C00B55191 /* Routing */ = {
			isa = PBXGroup;
			children = (
				734698AB257759BE00B55191 /* Routes */,
				734698A12577589D00B55191 /* Transitions */,
				73469894257757AA00B55191 /* Animator.swift */,
				7346989A257757CA00B55191 /* Transition.swift */,
				7346989E257757E700B55191 /* Router.swift */,
			);
			path = Routing;
			sourceTree = "<group>";
		};
		734698A12577589D00B55191 /* Transitions */ = {
			isa = PBXGroup;
			children = (
				734698A2257758AE00B55191 /* PushTransition.swift */,
				734698A52577590A00B55191 /* WindowNavigationTransition.swift */,
			);
			path = Transitions;
			sourceTree = "<group>";
		};
		734698AB257759BE00B55191 /* Routes */ = {
			isa = PBXGroup;
			children = (
				734698AC257759D700B55191 /* ShopListRoute.swift */,
				734698AF25775BB700B55191 /* ShopDetailRoute.swift */,
			);
			path = Routes;
			sourceTree = "<group>";
		};
		734A16212574AD670003B555 = {
			isa = PBXGroup;
			children = (
				734A162C2574AD670003B555 /* Shop */,
				734A162B2574AD670003B555 /* Products */,
				78054AE64D1F9B3A3584B692 /* Pods */,
				2F3BCD6223AC8204531B9F25 /* Frameworks */,
			);
			sourceTree = "<group>";
		};
		734A162B2574AD670003B555 /* Products */ = {
			isa = PBXGroup;
			children = (
				734A162A2574AD670003B555 /* Shop.app */,
			);
			name = Products;
			sourceTree = "<group>";
		};
		734A162C2574AD670003B555 /* Shop */ = {
			isa = PBXGroup;
			children = (
				734A166D2574DE710003B555 /* Common */,
				734A164A2574BD830003B555 /* Routing */,
				734A16462574B6EE0003B555 /* Application */,
				734A16422574B6530003B555 /* Scenes */,
				734A162F2574AD670003B555 /* SceneDelegate.swift */,
				734A16312574AD670003B555 /* ViewController.swift */,
				734A16362574AD680003B555 /* Assets.xcassets */,
				734A16382574AD680003B555 /* LaunchScreen.storyboard */,
				734A163B2574AD680003B555 /* Info.plist */,
			);
			path = Shop;
			sourceTree = "<group>";
		};
		734A16422574B6530003B555 /* Scenes */ = {
			isa = PBXGroup;
			children = (
				734A16332574AD670003B555 /* Main.storyboard */,
				734A16452574B6AD0003B555 /* OperatingTime */,
				734A16442574B6A50003B555 /* ShopDetail */,
				734A16432574B6710003B555 /* ShopList */,
			);
			path = Scenes;
			sourceTree = "<group>";
		};
		734A16432574B6710003B555 /* ShopList */ = {
			isa = PBXGroup;
			children = (
				7346989025774ECF00B55191 /* ShopListModule.swift */,
				734A164E2574BDB30003B555 /* ViewModel */,
				734A164D2574BD9D0003B555 /* Router */,
				734A16472574BD4A0003B555 /* View */,
			);
			path = ShopList;
			sourceTree = "<group>";
		};
		734A16442574B6A50003B555 /* ShopDetail */ = {
			isa = PBXGroup;
			children = (
				734A164F2574BDBA0003B555 /* ViewModel */,
				734A164C2574BD980003B555 /* Router */,
				734A16482574BD4F0003B555 /* View */,
			);
			path = ShopDetail;
			sourceTree = "<group>";
		};
		734A16452574B6AD0003B555 /* OperatingTime */ = {
			isa = PBXGroup;
			children = (
				734A16502574BDC00003B555 /* ViewModel */,
				734A164B2574BD920003B555 /* Router */,
				734A16492574BD530003B555 /* View */,
			);
			path = OperatingTime;
			sourceTree = "<group>";
		};
		734A16462574B6EE0003B555 /* Application */ = {
			isa = PBXGroup;
			children = (
				734A162D2574AD670003B555 /* AppDelegate.swift */,
				734698A82577597400B55191 /* AppRouter.swift */,
			);
			path = Application;
			sourceTree = "<group>";
		};
		734A16472574BD4A0003B555 /* View */ = {
			isa = PBXGroup;
			children = (
				734A165E2574C85C0003B555 /* ShopListViewController.swift */,
			);
			path = View;
			sourceTree = "<group>";
		};
		734A16482574BD4F0003B555 /* View */ = {
			isa = PBXGroup;
			children = (
				734A165B2574C8200003B555 /* ShopDetailViewController.swift */,
			);
			path = View;
			sourceTree = "<group>";
		};
		734A16492574BD530003B555 /* View */ = {
			isa = PBXGroup;
			children = (
				734A16512574C4DB0003B555 /* OperatingTimeViewController.swift */,
			);
			path = View;
			sourceTree = "<group>";
		};
		734A164A2574BD830003B555 /* Routing */ = {
			isa = PBXGroup;
			children = (
			);
			path = Routing;
			sourceTree = "<group>";
		};
		734A164B2574BD920003B555 /* Router */ = {
			isa = PBXGroup;
			children = (
				734A16552574C4FE0003B555 /* OperatingTimeRouter.swift */,
			);
			path = Router;
			sourceTree = "<group>";
		};
		734A164C2574BD980003B555 /* Router */ = {
			isa = PBXGroup;
			children = (
				734A16672574C8FB0003B555 /* ShopDetailRouter.swift */,
			);
			path = Router;
			sourceTree = "<group>";
		};
		734A164D2574BD9D0003B555 /* Router */ = {
			isa = PBXGroup;
			children = (
				734A16612574C8DD0003B555 /* ShopListRouter.swift */,
			);
			path = Router;
			sourceTree = "<group>";
		};
		734A164E2574BDB30003B555 /* ViewModel */ = {
			isa = PBXGroup;
			children = (
				734A16642574C8EB0003B555 /* ShopListViewModel.swift */,
			);
			path = ViewModel;
			sourceTree = "<group>";
		};
		734A164F2574BDBA0003B555 /* ViewModel */ = {
			isa = PBXGroup;
			children = (
				734A166A2574C9020003B555 /* ShopDetailViewModel.swift */,
			);
			path = ViewModel;
			sourceTree = "<group>";
		};
		734A16502574BDC00003B555 /* ViewModel */ = {
			isa = PBXGroup;
			children = (
				734A16582574C5180003B555 /* OperatingTimeViewModel.swift */,
			);
			path = ViewModel;
			sourceTree = "<group>";
		};
		734A166D2574DE710003B555 /* Common */ = {
			isa = PBXGroup;
			children = (
				734698932577579C00B55191 /* Routing */,
				735FE3F525760F8600C6E984 /* Protocols */,
				73A02FE4257603D40038EC60 /* Extensions */,
				7370C6D42574E5B00008E85A /* Helper */,
				734A166E2574DE790003B555 /* Classes */,
			);
			path = Common;
			sourceTree = "<group>";
		};
		734A166E2574DE790003B555 /* Classes */ = {
			isa = PBXGroup;
			children = (
				734A16772574E0170003B555 /* Shop */,
			);
			path = Classes;
			sourceTree = "<group>";
		};
		734A16772574E0170003B555 /* Shop */ = {
			isa = PBXGroup;
			children = (
				734A16742574DF010003B555 /* ShopType.swift */,
				734A166F2574DE9D0003B555 /* Shop.swift */,
				734A16782574E02E0003B555 /* OfficeHours.swift */,
			);
			path = Shop;
			sourceTree = "<group>";
		};
		735FE3F025760F4B00C6E984 /* UserDefaults */ = {
			isa = PBXGroup;
			children = (
				735FE3F225760F5C00C6E984 /* UserDefaults.swift */,
			);
			path = UserDefaults;
			sourceTree = "<group>";
		};
		735FE3F525760F8600C6E984 /* Protocols */ = {
			isa = PBXGroup;
			children = (
				735FE3F625760F9600C6E984 /* ObjectSavable.swift */,
			);
			path = Protocols;
			sourceTree = "<group>";
		};
		7370C6D42574E5B00008E85A /* Helper */ = {
			isa = PBXGroup;
			children = (
				7370C6D52574E5B90008E85A /* DataSource */,
			);
			path = Helper;
			sourceTree = "<group>";
		};
		7370C6D52574E5B90008E85A /* DataSource */ = {
			isa = PBXGroup;
			children = (
				7370C6D62574E5E40008E85A /* DataSource.swift */,
				735FE3FB2576192B00C6E984 /* AutoFillDB.swift */,
			);
			path = DataSource;
			sourceTree = "<group>";
		};
		73A02FE4257603D40038EC60 /* Extensions */ = {
			isa = PBXGroup;
			children = (
				735FE3F025760F4B00C6E984 /* UserDefaults */,
			);
			path = Extensions;
			sourceTree = "<group>";
		};
		78054AE64D1F9B3A3584B692 /* Pods */ = {
			isa = PBXGroup;
			children = (
				24E10DB1D84DE05E6707FF2F /* Pods-Shop.debug.xcconfig */,
				4F22F63DED7EF5E069A5C4DE /* Pods-Shop.release.xcconfig */,
			);
			path = Pods;
			sourceTree = "<group>";
		};
/* End PBXGroup section */

/* Begin PBXNativeTarget section */
		734A16292574AD670003B555 /* Shop */ = {
			isa = PBXNativeTarget;
			buildConfigurationList = 734A163E2574AD680003B555 /* Build configuration list for PBXNativeTarget "Shop" */;
			buildPhases = (
				1F44870A1EAD624270A76140 /* [CP] Check Pods Manifest.lock */,
				734A16262574AD670003B555 /* Sources */,
				734A16272574AD670003B555 /* Frameworks */,
				734A16282574AD670003B555 /* Resources */,
				F4DABA2C9B5834838F22F3FE /* [CP] Embed Pods Frameworks */,
			);
			buildRules = (
			);
			dependencies = (
			);
			name = Shop;
			productName = Shop;
			productReference = 734A162A2574AD670003B555 /* Shop.app */;
			productType = "com.apple.product-type.application";
		};
/* End PBXNativeTarget section */

/* Begin PBXProject section */
		734A16222574AD670003B555 /* Project object */ = {
			isa = PBXProject;
			attributes = {
				LastSwiftUpdateCheck = 1220;
				LastUpgradeCheck = 1220;
				TargetAttributes = {
					734A16292574AD670003B555 = {
						CreatedOnToolsVersion = 12.2;
					};
				};
			};
			buildConfigurationList = 734A16252574AD670003B555 /* Build configuration list for PBXProject "Shop" */;
			compatibilityVersion = "Xcode 9.3";
			developmentRegion = en;
			hasScannedForEncodings = 0;
			knownRegions = (
				en,
				Base,
			);
			mainGroup = 734A16212574AD670003B555;
			productRefGroup = 734A162B2574AD670003B555 /* Products */;
			projectDirPath = "";
			projectRoot = "";
			targets = (
				734A16292574AD670003B555 /* Shop */,
			);
		};
/* End PBXProject section */

/* Begin PBXResourcesBuildPhase section */
		734A16282574AD670003B555 /* Resources */ = {
			isa = PBXResourcesBuildPhase;
			buildActionMask = 2147483647;
			files = (
				734A163A2574AD680003B555 /* LaunchScreen.storyboard in Resources */,
				734A16372574AD680003B555 /* Assets.xcassets in Resources */,
				734A16352574AD670003B555 /* Main.storyboard in Resources */,
			);
			runOnlyForDeploymentPostprocessing = 0;
		};
/* End PBXResourcesBuildPhase section */

/* Begin PBXShellScriptBuildPhase section */
		1F44870A1EAD624270A76140 /* [CP] Check Pods Manifest.lock */ = {
			isa = PBXShellScriptBuildPhase;
			buildActionMask = 2147483647;
			files = (
			);
			inputFileListPaths = (
			);
			inputPaths = (
				"${PODS_PODFILE_DIR_PATH}/Podfile.lock",
				"${PODS_ROOT}/Manifest.lock",
			);
			name = "[CP] Check Pods Manifest.lock";
			outputFileListPaths = (
			);
			outputPaths = (
				"$(DERIVED_FILE_DIR)/Pods-Shop-checkManifestLockResult.txt",
			);
			runOnlyForDeploymentPostprocessing = 0;
			shellPath = /bin/sh;
			shellScript = "diff \"${PODS_PODFILE_DIR_PATH}/Podfile.lock\" \"${PODS_ROOT}/Manifest.lock\" > /dev/null\nif [ $? != 0 ] ; then\n    # print error to STDERR\n    echo \"error: The sandbox is not in sync with the Podfile.lock. Run 'pod install' or update your CocoaPods installation.\" >&2\n    exit 1\nfi\n# This output is used by Xcode 'outputs' to avoid re-running this script phase.\necho \"SUCCESS\" > \"${SCRIPT_OUTPUT_FILE_0}\"\n";
			showEnvVarsInLog = 0;
		};
		F4DABA2C9B5834838F22F3FE /* [CP] Embed Pods Frameworks */ = {
			isa = PBXShellScriptBuildPhase;
			buildActionMask = 2147483647;
			files = (
			);
			inputFileListPaths = (
				"${PODS_ROOT}/Target Support Files/Pods-Shop/Pods-Shop-frameworks-${CONFIGURATION}-input-files.xcfilelist",
			);
			name = "[CP] Embed Pods Frameworks";
			outputFileListPaths = (
				"${PODS_ROOT}/Target Support Files/Pods-Shop/Pods-Shop-frameworks-${CONFIGURATION}-output-files.xcfilelist",
			);
			runOnlyForDeploymentPostprocessing = 0;
			shellPath = /bin/sh;
			shellScript = "\"${PODS_ROOT}/Target Support Files/Pods-Shop/Pods-Shop-frameworks.sh\"\n";
			showEnvVarsInLog = 0;
		};
/* End PBXShellScriptBuildPhase section */

/* Begin PBXSourcesBuildPhase section */
		734A16262574AD670003B555 /* Sources */ = {
			isa = PBXSourcesBuildPhase;
			buildActionMask = 2147483647;
			files = (
				734A16652574C8EB0003B555 /* ShopListViewModel.swift in Sources */,
				734A16322574AD670003B555 /* ViewController.swift in Sources */,
				734A16682574C8FB0003B555 /* ShopDetailRouter.swift in Sources */,
				734A16792574E02E0003B555 /* OfficeHours.swift in Sources */,
				735FE3F725760F9600C6E984 /* ObjectSavable.swift in Sources */,
				734A16522574C4DB0003B555 /* OperatingTimeViewController.swift in Sources */,
				734A162E2574AD670003B555 /* AppDelegate.swift in Sources */,
				735FE3F325760F5C00C6E984 /* UserDefaults.swift in Sources */,
				7370C6D72574E5E40008E85A /* DataSource.swift in Sources */,
				734A16592574C5180003B555 /* OperatingTimeViewModel.swift in Sources */,
				734698A92577597400B55191 /* AppRouter.swift in Sources */,
				734698A3257758AE00B55191 /* PushTransition.swift in Sources */,
				734A165F2574C85C0003B555 /* ShopListViewController.swift in Sources */,
				734698A62577590A00B55191 /* WindowNavigationTransition.swift in Sources */,
				734A16752574DF010003B555 /* ShopType.swift in Sources */,
				734698AD257759D700B55191 /* ShopListRoute.swift in Sources */,
				734698B025775BB700B55191 /* ShopDetailRoute.swift in Sources */,
				73469895257757AA00B55191 /* Animator.swift in Sources */,
				735FE3FC2576192B00C6E984 /* AutoFillDB.swift in Sources */,
				734A165C2574C8200003B555 /* ShopDetailViewController.swift in Sources */,
				734A16702574DE9D0003B555 /* Shop.swift in Sources */,
				7346989F257757E700B55191 /* Router.swift in Sources */,
				7346989B257757CA00B55191 /* Transition.swift in Sources */,
				7346989125774ECF00B55191 /* ShopListModule.swift in Sources */,
				734A16302574AD670003B555 /* SceneDelegate.swift in Sources */,
				734A166B2574C9020003B555 /* ShopDetailViewModel.swift in Sources */,
				734A16622574C8DD0003B555 /* ShopListRouter.swift in Sources */,
				734A16562574C4FE0003B555 /* OperatingTimeRouter.swift in Sources */,
			);
			runOnlyForDeploymentPostprocessing = 0;
		};
/* End PBXSourcesBuildPhase section */

/* Begin PBXVariantGroup section */
		734A16332574AD670003B555 /* Main.storyboard */ = {
			isa = PBXVariantGroup;
			children = (
				734A16342574AD670003B555 /* Base */,
			);
			name = Main.storyboard;
			sourceTree = "<group>";
		};
		734A16382574AD680003B555 /* LaunchScreen.storyboard */ = {
			isa = PBXVariantGroup;
			children = (
				734A16392574AD680003B555 /* Base */,
			);
			name = LaunchScreen.storyboard;
			sourceTree = "<group>";
		};
/* End PBXVariantGroup section */

/* Begin XCBuildConfiguration section */
		734A163C2574AD680003B555 /* Debug */ = {
			isa = XCBuildConfiguration;
			buildSettings = {
				ALWAYS_SEARCH_USER_PATHS = NO;
				CLANG_ANALYZER_NONNULL = YES;
				CLANG_ANALYZER_NUMBER_OBJECT_CONVERSION = YES_AGGRESSIVE;
				CLANG_CXX_LANGUAGE_STANDARD = "gnu++14";
				CLANG_CXX_LIBRARY = "libc++";
				CLANG_ENABLE_MODULES = YES;
				CLANG_ENABLE_OBJC_ARC = YES;
				CLANG_ENABLE_OBJC_WEAK = YES;
				CLANG_WARN_BLOCK_CAPTURE_AUTORELEASING = YES;
				CLANG_WARN_BOOL_CONVERSION = YES;
				CLANG_WARN_COMMA = YES;
				CLANG_WARN_CONSTANT_CONVERSION = YES;
				CLANG_WARN_DEPRECATED_OBJC_IMPLEMENTATIONS = YES;
				CLANG_WARN_DIRECT_OBJC_ISA_USAGE = YES_ERROR;
				CLANG_WARN_DOCUMENTATION_COMMENTS = YES;
				CLANG_WARN_EMPTY_BODY = YES;
				CLANG_WARN_ENUM_CONVERSION = YES;
				CLANG_WARN_INFINITE_RECURSION = YES;
				CLANG_WARN_INT_CONVERSION = YES;
				CLANG_WARN_NON_LITERAL_NULL_CONVERSION = YES;
				CLANG_WARN_OBJC_IMPLICIT_RETAIN_SELF = YES;
				CLANG_WARN_OBJC_LITERAL_CONVERSION = YES;
				CLANG_WARN_OBJC_ROOT_CLASS = YES_ERROR;
				CLANG_WARN_QUOTED_INCLUDE_IN_FRAMEWORK_HEADER = YES;
				CLANG_WARN_RANGE_LOOP_ANALYSIS = YES;
				CLANG_WARN_STRICT_PROTOTYPES = YES;
				CLANG_WARN_SUSPICIOUS_MOVE = YES;
				CLANG_WARN_UNGUARDED_AVAILABILITY = YES_AGGRESSIVE;
				CLANG_WARN_UNREACHABLE_CODE = YES;
				CLANG_WARN__DUPLICATE_METHOD_MATCH = YES;
				COPY_PHASE_STRIP = NO;
				DEBUG_INFORMATION_FORMAT = dwarf;
				ENABLE_STRICT_OBJC_MSGSEND = YES;
				ENABLE_TESTABILITY = YES;
				GCC_C_LANGUAGE_STANDARD = gnu11;
				GCC_DYNAMIC_NO_PIC = NO;
				GCC_NO_COMMON_BLOCKS = YES;
				GCC_OPTIMIZATION_LEVEL = 0;
				GCC_PREPROCESSOR_DEFINITIONS = (
					"DEBUG=1",
					"$(inherited)",
				);
				GCC_WARN_64_TO_32_BIT_CONVERSION = YES;
				GCC_WARN_ABOUT_RETURN_TYPE = YES_ERROR;
				GCC_WARN_UNDECLARED_SELECTOR = YES;
				GCC_WARN_UNINITIALIZED_AUTOS = YES_AGGRESSIVE;
				GCC_WARN_UNUSED_FUNCTION = YES;
				GCC_WARN_UNUSED_VARIABLE = YES;
				IPHONEOS_DEPLOYMENT_TARGET = 14.2;
				MTL_ENABLE_DEBUG_INFO = INCLUDE_SOURCE;
				MTL_FAST_MATH = YES;
				ONLY_ACTIVE_ARCH = YES;
				SDKROOT = iphoneos;
				SWIFT_ACTIVE_COMPILATION_CONDITIONS = DEBUG;
				SWIFT_OPTIMIZATION_LEVEL = "-Onone";
			};
			name = Debug;
		};
		734A163D2574AD680003B555 /* Release */ = {
			isa = XCBuildConfiguration;
			buildSettings = {
				ALWAYS_SEARCH_USER_PATHS = NO;
				CLANG_ANALYZER_NONNULL = YES;
				CLANG_ANALYZER_NUMBER_OBJECT_CONVERSION = YES_AGGRESSIVE;
				CLANG_CXX_LANGUAGE_STANDARD = "gnu++14";
				CLANG_CXX_LIBRARY = "libc++";
				CLANG_ENABLE_MODULES = YES;
				CLANG_ENABLE_OBJC_ARC = YES;
				CLANG_ENABLE_OBJC_WEAK = YES;
				CLANG_WARN_BLOCK_CAPTURE_AUTORELEASING = YES;
				CLANG_WARN_BOOL_CONVERSION = YES;
				CLANG_WARN_COMMA = YES;
				CLANG_WARN_CONSTANT_CONVERSION = YES;
				CLANG_WARN_DEPRECATED_OBJC_IMPLEMENTATIONS = YES;
				CLANG_WARN_DIRECT_OBJC_ISA_USAGE = YES_ERROR;
				CLANG_WARN_DOCUMENTATION_COMMENTS = YES;
				CLANG_WARN_EMPTY_BODY = YES;
				CLANG_WARN_ENUM_CONVERSION = YES;
				CLANG_WARN_INFINITE_RECURSION = YES;
				CLANG_WARN_INT_CONVERSION = YES;
				CLANG_WARN_NON_LITERAL_NULL_CONVERSION = YES;
				CLANG_WARN_OBJC_IMPLICIT_RETAIN_SELF = YES;
				CLANG_WARN_OBJC_LITERAL_CONVERSION = YES;
				CLANG_WARN_OBJC_ROOT_CLASS = YES_ERROR;
				CLANG_WARN_QUOTED_INCLUDE_IN_FRAMEWORK_HEADER = YES;
				CLANG_WARN_RANGE_LOOP_ANALYSIS = YES;
				CLANG_WARN_STRICT_PROTOTYPES = YES;
				CLANG_WARN_SUSPICIOUS_MOVE = YES;
				CLANG_WARN_UNGUARDED_AVAILABILITY = YES_AGGRESSIVE;
				CLANG_WARN_UNREACHABLE_CODE = YES;
				CLANG_WARN__DUPLICATE_METHOD_MATCH = YES;
				COPY_PHASE_STRIP = NO;
				DEBUG_INFORMATION_FORMAT = "dwarf-with-dsym";
				ENABLE_NS_ASSERTIONS = NO;
				ENABLE_STRICT_OBJC_MSGSEND = YES;
				GCC_C_LANGUAGE_STANDARD = gnu11;
				GCC_NO_COMMON_BLOCKS = YES;
				GCC_WARN_64_TO_32_BIT_CONVERSION = YES;
				GCC_WARN_ABOUT_RETURN_TYPE = YES_ERROR;
				GCC_WARN_UNDECLARED_SELECTOR = YES;
				GCC_WARN_UNINITIALIZED_AUTOS = YES_AGGRESSIVE;
				GCC_WARN_UNUSED_FUNCTION = YES;
				GCC_WARN_UNUSED_VARIABLE = YES;
				IPHONEOS_DEPLOYMENT_TARGET = 14.2;
				MTL_ENABLE_DEBUG_INFO = NO;
				MTL_FAST_MATH = YES;
				SDKROOT = iphoneos;
				SWIFT_COMPILATION_MODE = wholemodule;
				SWIFT_OPTIMIZATION_LEVEL = "-O";
				VALIDATE_PRODUCT = YES;
			};
			name = Release;
		};
		734A163F2574AD680003B555 /* Debug */ = {
			isa = XCBuildConfiguration;
			baseConfigurationReference = 24E10DB1D84DE05E6707FF2F /* Pods-Shop.debug.xcconfig */;
			buildSettings = {
				ASSETCATALOG_COMPILER_APPICON_NAME = AppIcon;
				ASSETCATALOG_COMPILER_GLOBAL_ACCENT_COLOR_NAME = AccentColor;
				CODE_SIGN_STYLE = Automatic;
				DEVELOPMENT_TEAM = T9U8T2S4YQ;
				INFOPLIST_FILE = Shop/Info.plist;
				LD_RUNPATH_SEARCH_PATHS = (
					"$(inherited)",
					"@executable_path/Frameworks",
				);
				PRODUCT_BUNDLE_IDENTIFIER = nikulux.Shop;
				PRODUCT_NAME = "$(TARGET_NAME)";
				SWIFT_VERSION = 5.0;
				TARGETED_DEVICE_FAMILY = "1,2";
			};
			name = Debug;
		};
		734A16402574AD680003B555 /* Release */ = {
			isa = XCBuildConfiguration;
			baseConfigurationReference = 4F22F63DED7EF5E069A5C4DE /* Pods-Shop.release.xcconfig */;
			buildSettings = {
				ASSETCATALOG_COMPILER_APPICON_NAME = AppIcon;
				ASSETCATALOG_COMPILER_GLOBAL_ACCENT_COLOR_NAME = AccentColor;
				CODE_SIGN_STYLE = Automatic;
				DEVELOPMENT_TEAM = T9U8T2S4YQ;
				INFOPLIST_FILE = Shop/Info.plist;
				LD_RUNPATH_SEARCH_PATHS = (
					"$(inherited)",
					"@executable_path/Frameworks",
				);
				PRODUCT_BUNDLE_IDENTIFIER = nikulux.Shop;
				PRODUCT_NAME = "$(TARGET_NAME)";
				SWIFT_VERSION = 5.0;
				TARGETED_DEVICE_FAMILY = "1,2";
			};
			name = Release;
		};
/* End XCBuildConfiguration section */

/* Begin XCConfigurationList section */
		734A16252574AD670003B555 /* Build configuration list for PBXProject "Shop" */ = {
			isa = XCConfigurationList;
			buildConfigurations = (
				734A163C2574AD680003B555 /* Debug */,
				734A163D2574AD680003B555 /* Release */,
			);
			defaultConfigurationIsVisible = 0;
			defaultConfigurationName = Release;
		};
		734A163E2574AD680003B555 /* Build configuration list for PBXNativeTarget "Shop" */ = {
			isa = XCConfigurationList;
			buildConfigurations = (
				734A163F2574AD680003B555 /* Debug */,
				734A16402574AD680003B555 /* Release */,
			);
			defaultConfigurationIsVisible = 0;
			defaultConfigurationName = Release;
		};
/* End XCConfigurationList section */
	};
	rootObject = 734A16222574AD670003B555 /* Project object */;
}
